{
  "name": "activemq",
  "version": "1.0.0",
  "lockfileVersion": 1,
  "requires": true,
  "dependencies": {
    "node-stomp": {
      "version": "1.0.3",
      "resolved": "https://registry.npmjs.org/node-stomp/-/node-stomp-1.0.3.tgz",
      "integrity": "sha512-LoICtZW3SoTVweT/PgvQ1vumPbhYowsdHZb1rjO9DKfzV8l4NS0rydGhDB6n6UghvEkWvE2fFcAPhE37jKu5xQ=="
    }
  }
}
